
Microsoft Visual Studio Solution File, Format Version 12.00
# Visual Studio 14
VisualStudioVersion = 14.0.25420.1
MinimumVisualStudioVersion = 10.0.40219.1
Project("{FAE04EC0-301F-11D3-BF4B-00C04F79EFBC}") = "BinarySearchDemo", "BinarySearchDemo\BinarySearchDemo.csproj", "{A83E85D7-88FE-424D-B92E-4CA31BD0BEAE}"
EndProject
Project("{FAE04EC0-301F-11D3-BF4B-00C04F79EFBC}") = "MethodsDemo", "MethodsDemo\MethodsDemo.csproj", "{29CD0F1C-E537-4FB1-9216-8F228E91A0D0}"
EndProject
Global
	GlobalSection(SolutionConfigurationPlatforms) = preSolution
		Debug|Any CPU = Debug|Any CPU
		Release|Any CPU = Release|Any CPU
	EndGlobalSection
	GlobalSection(ProjectConfigurationPlatforms) = postSolution
		{A83E85D7-88FE-424D-B92E-4CA31BD0BEAE}.Debug|Any CPU.ActiveCfg = Debug|Any CPU
		{A83E85D7-88FE-424D-B92E-4CA31BD0BEAE}.Debug|Any CPU.Build.0 = Debug|Any CPU
		{A83E85D7-88FE-424D-B92E-4CA31BD0BEAE}.Release|Any CPU.ActiveCfg = Release|Any CPU
		{A83E85D7-88FE-424D-B92E-4CA31BD0BEAE}.Release|Any CPU.Build.0 = Release|Any CPU
		{29CD0F1C-E537-4FB1-9216-8F228E91A0D0}.Debug|Any CPU.ActiveCfg = Debug|Any CPU
		{29CD0F1C-E537-4FB1-9216-8F228E91A0D0}.Debug|Any CPU.Build.0 = Debug|Any CPU
		{29CD0F1C-E537-4FB1-9216-8F228E91A0D0}.Release|Any CPU.ActiveCfg = Release|Any CPU
		{29CD0F1C-E537-4FB1-9216-8F228E91A0D0}.Release|Any CPU.Build.0 = Release|Any CPU
	EndGlobalSection
	GlobalSection(SolutionProperties) = preSolution
		HideSolutionNode = FALSE
	EndGlobalSection
EndGlobal
